
Microsoft Visual Studio Solution File, Format Version 12.00
# Visual Studio Version 16
VisualStudioVersion = 16.0.29920.165
MinimumVisualStudioVersion = 10.0.40219.1
Project("{9A19103F-16F7-4668-BE54-9A1E7A4F7556}") = "HtmlAnalysis.Api", "HtmlAnalysis.Api\HtmlAnalysis.Api.csproj", "{A1DBECF3-CD4F-4A20-A443-079D0453B656}"
EndProject
Project("{9A19103F-16F7-4668-BE54-9A1E7A4F7556}") = "HtmlAnalysis.Services", "HtmlAnalysis.Services\HtmlAnalysis.Services.csproj", "{67F9CFD6-01F5-4B3C-8F08-FE4A59F4F5F0}"
EndProject
Project("{9A19103F-16F7-4668-BE54-9A1E7A4F7556}") = "HtmlAnalysis.Data", "HtmlAnalysis.Data\HtmlAnalysis.Data.csproj", "{472DB50D-33BD-4115-9445-345116C88813}"
EndProject
Project("{9A19103F-16F7-4668-BE54-9A1E7A4F7556}") = "HtmlAnalysis.Web", "HtmlAnalysis.Web\HtmlAnalysis.Web.csproj", "{703F437D-C626-4E19-8C31-D864B7AAD0D8}"
EndProject
Global
	GlobalSection(SolutionConfigurationPlatforms) = preSolution
		Debug|Any CPU = Debug|Any CPU
		Release|Any CPU = Release|Any CPU
	EndGlobalSection
	GlobalSection(ProjectConfigurationPlatforms) = postSolution
		{A1DBECF3-CD4F-4A20-A443-079D0453B656}.Debug|Any CPU.ActiveCfg = Debug|Any CPU
		{A1DBECF3-CD4F-4A20-A443-079D0453B656}.Debug|Any CPU.Build.0 = Debug|Any CPU
		{A1DBECF3-CD4F-4A20-A443-079D0453B656}.Release|Any CPU.ActiveCfg = Release|Any CPU
		{A1DBECF3-CD4F-4A20-A443-079D0453B656}.Release|Any CPU.Build.0 = Release|Any CPU
		{67F9CFD6-01F5-4B3C-8F08-FE4A59F4F5F0}.Debug|Any CPU.ActiveCfg = Debug|Any CPU
		{67F9CFD6-01F5-4B3C-8F08-FE4A59F4F5F0}.Debug|Any CPU.Build.0 = Debug|Any CPU
		{67F9CFD6-01F5-4B3C-8F08-FE4A59F4F5F0}.Release|Any CPU.ActiveCfg = Release|Any CPU
		{67F9CFD6-01F5-4B3C-8F08-FE4A59F4F5F0}.Release|Any CPU.Build.0 = Release|Any CPU
		{472DB50D-33BD-4115-9445-345116C88813}.Debug|Any CPU.ActiveCfg = Debug|Any CPU
		{472DB50D-33BD-4115-9445-345116C88813}.Debug|Any CPU.Build.0 = Debug|Any CPU
		{472DB50D-33BD-4115-9445-345116C88813}.Release|Any CPU.ActiveCfg = Release|Any CPU
		{472DB50D-33BD-4115-9445-345116C88813}.Release|Any CPU.Build.0 = Release|Any CPU
		{703F437D-C626-4E19-8C31-D864B7AAD0D8}.Debug|Any CPU.ActiveCfg = Debug|Any CPU
		{703F437D-C626-4E19-8C31-D864B7AAD0D8}.Debug|Any CPU.Build.0 = Debug|Any CPU
		{703F437D-C626-4E19-8C31-D864B7AAD0D8}.Release|Any CPU.ActiveCfg = Release|Any CPU
		{703F437D-C626-4E19-8C31-D864B7AAD0D8}.Release|Any CPU.Build.0 = Release|Any CPU
	EndGlobalSection
	GlobalSection(SolutionProperties) = preSolution
		HideSolutionNode = FALSE
	EndGlobalSection
	GlobalSection(ExtensibilityGlobals) = postSolution
		SolutionGuid = {3916BBC9-EBBA-4D2F-98C6-0C32E4135488}
	EndGlobalSection
EndGlobal
